
Microsoft Visual Studio Solution File, Format Version 12.00
# Visual Studio 15
Project("{FAE04EC0-301F-11D3-BF4B-00C04F79EFBC}") = "Assembly-CSharp", "Assembly-CSharp.csproj", "{E92354A2-D1AF-E5B9-1A38-EA049A0B4D60}"
EndProject
Project("{FAE04EC0-301F-11D3-BF4B-00C04F79EFBC}") = "Assembly-CSharp-Editor", "Assembly-CSharp-Editor.csproj", "{B9C93303-C6C4-7BD7-603E-84E0DDD95353}"
EndProject
Global
	GlobalSection(SolutionConfigurationPlatforms) = preSolution
		Debug|Any CPU = Debug|Any CPU
		Release|Any CPU = Release|Any CPU
	EndGlobalSection
	GlobalSection(ProjectConfigurationPlatforms) = postSolution
		{E92354A2-D1AF-E5B9-1A38-EA049A0B4D60}.Debug|Any CPU.ActiveCfg = Debug|Any CPU
		{E92354A2-D1AF-E5B9-1A38-EA049A0B4D60}.Debug|Any CPU.Build.0 = Debug|Any CPU
		{E92354A2-D1AF-E5B9-1A38-EA049A0B4D60}.Release|Any CPU.ActiveCfg = Release|Any CPU
		{E92354A2-D1AF-E5B9-1A38-EA049A0B4D60}.Release|Any CPU.Build.0 = Release|Any CPU
		{B9C93303-C6C4-7BD7-603E-84E0DDD95353}.Debug|Any CPU.ActiveCfg = Debug|Any CPU
		{B9C93303-C6C4-7BD7-603E-84E0DDD95353}.Debug|Any CPU.Build.0 = Debug|Any CPU
		{B9C93303-C6C4-7BD7-603E-84E0DDD95353}.Release|Any CPU.ActiveCfg = Release|Any CPU
		{B9C93303-C6C4-7BD7-603E-84E0DDD95353}.Release|Any CPU.Build.0 = Release|Any CPU
	EndGlobalSection
	GlobalSection(SolutionProperties) = preSolution
		HideSolutionNode = FALSE
	EndGlobalSection
EndGlobal
